
Microsoft Visual Studio Solution File, Format Version 12.00
# Visual Studio Version 16
VisualStudioVersion = 16.0.30717.126
MinimumVisualStudioVersion = 10.0.40219.1
Project("{FAE04EC0-301F-11D3-BF4B-00C04F79EFBC}") = "OcelotApiGw", "OcelotApiGw\OcelotApiGw.csproj", "{7D17EECB-7B30-4895-9740-6A2340F3FD7F}"
EndProject
Global
	GlobalSection(SolutionConfigurationPlatforms) = preSolution
		Debug|Any CPU = Debug|Any CPU
		Release|Any CPU = Release|Any CPU
	EndGlobalSection
	GlobalSection(ProjectConfigurationPlatforms) = postSolution
		{7D17EECB-7B30-4895-9740-6A2340F3FD7F}.Debug|Any CPU.ActiveCfg = Debug|Any CPU
		{7D17EECB-7B30-4895-9740-6A2340F3FD7F}.Debug|Any CPU.Build.0 = Debug|Any CPU
		{7D17EECB-7B30-4895-9740-6A2340F3FD7F}.Release|Any CPU.ActiveCfg = Release|Any CPU
		{7D17EECB-7B30-4895-9740-6A2340F3FD7F}.Release|Any CPU.Build.0 = Release|Any CPU
	EndGlobalSection
	GlobalSection(SolutionProperties) = preSolution
		HideSolutionNode = FALSE
	EndGlobalSection
	GlobalSection(ExtensibilityGlobals) = postSolution
		SolutionGuid = {C10B6B48-024B-467E-BCFD-46FC6B2CFC18}
	EndGlobalSection
EndGlobal
